
Microsoft Visual Studio Solution File, Format Version 12.00
# Visual Studio Version 17
VisualStudioVersion = 17.10.34928.147
MinimumVisualStudioVersion = 10.0.40219.1
Project("{9A19103F-16F7-4668-BE54-9A1E7A4F7556}") = "WebServer", "WebServer\WebServer.csproj", "{42F17AA8-B522-414F-9271-B0690A0EF4E9}"
EndProject
Global
	GlobalSection(SolutionConfigurationPlatforms) = preSolution
		Debug|Any CPU = Debug|Any CPU
		Release|Any CPU = Release|Any CPU
	EndGlobalSection
	GlobalSection(ProjectConfigurationPlatforms) = postSolution
		{42F17AA8-B522-414F-9271-B0690A0EF4E9}.Debug|Any CPU.ActiveCfg = Debug|Any CPU
		{42F17AA8-B522-414F-9271-B0690A0EF4E9}.Debug|Any CPU.Build.0 = Debug|Any CPU
		{42F17AA8-B522-414F-9271-B0690A0EF4E9}.Release|Any CPU.ActiveCfg = Release|Any CPU
		{42F17AA8-B522-414F-9271-B0690A0EF4E9}.Release|Any CPU.Build.0 = Release|Any CPU
	EndGlobalSection
	GlobalSection(SolutionProperties) = preSolution
		HideSolutionNode = FALSE
	EndGlobalSection
	GlobalSection(ExtensibilityGlobals) = postSolution
		SolutionGuid = {4FB357D3-D095-4003-9DDB-1532660C1780}
	EndGlobalSection
EndGlobal
