
Microsoft Visual Studio Solution File, Format Version 12.00
# Visual Studio Version 17
VisualStudioVersion = 17.10.34928.147
MinimumVisualStudioVersion = 10.0.40219.1
Project("{9A19103F-16F7-4668-BE54-9A1E7A4F7556}") = "WebServer", "WebServer\WebServer.csproj", "{42F17AA8-B522-414F-9271-B0690A0EF4E9}"
EndProject
Project("{FAE04EC0-301F-11D3-BF4B-00C04F79EFBC}") = "gRPCLibrary", "gRPCLibrary\gRPCLibrary.csproj", "{56C1AB0A-D060-46D2-B7D3-1AF08BA4D838}"
EndProject
Project("{9A19103F-16F7-4668-BE54-9A1E7A4F7556}") = "KompasStarter", "KompasStarter\KompasStarter.csproj", "{EF024989-F1EF-4ADF-8DA9-B393E530C70C}"
EndProject
Global
	GlobalSection(SolutionConfigurationPlatforms) = preSolution
		Debug|Any CPU = Debug|Any CPU
		Release|Any CPU = Release|Any CPU
	EndGlobalSection
	GlobalSection(ProjectConfigurationPlatforms) = postSolution
		{42F17AA8-B522-414F-9271-B0690A0EF4E9}.Debug|Any CPU.ActiveCfg = Debug|Any CPU
		{42F17AA8-B522-414F-9271-B0690A0EF4E9}.Debug|Any CPU.Build.0 = Debug|Any CPU
		{42F17AA8-B522-414F-9271-B0690A0EF4E9}.Release|Any CPU.ActiveCfg = Release|Any CPU
		{42F17AA8-B522-414F-9271-B0690A0EF4E9}.Release|Any CPU.Build.0 = Release|Any CPU
		{56C1AB0A-D060-46D2-B7D3-1AF08BA4D838}.Debug|Any CPU.ActiveCfg = Debug|Any CPU
		{56C1AB0A-D060-46D2-B7D3-1AF08BA4D838}.Debug|Any CPU.Build.0 = Debug|Any CPU
		{56C1AB0A-D060-46D2-B7D3-1AF08BA4D838}.Release|Any CPU.ActiveCfg = Release|Any CPU
		{56C1AB0A-D060-46D2-B7D3-1AF08BA4D838}.Release|Any CPU.Build.0 = Release|Any CPU
		{EF024989-F1EF-4ADF-8DA9-B393E530C70C}.Debug|Any CPU.ActiveCfg = Debug|Any CPU
		{EF024989-F1EF-4ADF-8DA9-B393E530C70C}.Debug|Any CPU.Build.0 = Debug|Any CPU
		{EF024989-F1EF-4ADF-8DA9-B393E530C70C}.Release|Any CPU.ActiveCfg = Release|Any CPU
		{EF024989-F1EF-4ADF-8DA9-B393E530C70C}.Release|Any CPU.Build.0 = Release|Any CPU
	EndGlobalSection
	GlobalSection(SolutionProperties) = preSolution
		HideSolutionNode = FALSE
	EndGlobalSection
	GlobalSection(ExtensibilityGlobals) = postSolution
		SolutionGuid = {4FB357D3-D095-4003-9DDB-1532660C1780}
	EndGlobalSection
EndGlobal
